uuid: ad9c7997-5ef5-4f35-898c-4988a3b1d13d
langcode: en
status: true
dependencies:
  module:
    - ctools
    - share_everywhere
  theme:
    - wave
id: shareeverywhereblock
theme: wave
region: content
weight: -6
provider: null
plugin: share_everywhere_block
settings:
  id: share_everywhere_block
  label: 'Share Everywhere Block'
  provider: share_everywhere
  label_display: '0'
visibility:
  'entity_bundle:node':
    id: 'entity_bundle:node'
    bundles:
      blog_post: blog_post
      documentation: documentation
      forum: forum
      photo_gallery_item: photo_gallery_item
    negate: false
    context_mapping:
      node: '@node.node_route_context:node'
